{
  "originHash" : "fc396c019a4e3230a9aa446882b84df94167f171b3a44258d378874f9ac8707d",
  "pins" : [
    {
      "identity" : "smartnet",
      "kind" : "remoteSourceControl",
      "location" : "https://github.com/vetrek/SmartNet.git",
      "state" : {
        "revision" : "4fa308b3176012c66f4f72744016537ae87cd8ce",
        "version" : "2.2.0"
      }
    }
  ],
  "version" : 3
}
